
Microsoft Visual Studio Solution File, Format Version 12.00
# Visual Studio Version 17
VisualStudioVersion = 17.4.33205.214
MinimumVisualStudioVersion = 10.0.40219.1
Project("{FAE04EC0-301F-11D3-BF4B-00C04F79EFBC}") = "Teploobmen", "Teploobmen\Teploobmen.csproj", "{191F3168-4400-44D5-8241-38BA0E0F1422}"
EndProject
Project("{FAE04EC0-301F-11D3-BF4B-00C04F79EFBC}") = "TeploobmenLibrary", "TeploobmenLibrary\TeploobmenLibrary.csproj", "{8845E640-8E69-4DC0-8C5C-F18805E58E71}"
EndProject
Global
	GlobalSection(SolutionConfigurationPlatforms) = preSolution
		Debug|Any CPU = Debug|Any CPU
		Release|Any CPU = Release|Any CPU
	EndGlobalSection
	GlobalSection(ProjectConfigurationPlatforms) = postSolution
		{191F3168-4400-44D5-8241-38BA0E0F1422}.Debug|Any CPU.ActiveCfg = Debug|Any CPU
		{191F3168-4400-44D5-8241-38BA0E0F1422}.Debug|Any CPU.Build.0 = Debug|Any CPU
		{191F3168-4400-44D5-8241-38BA0E0F1422}.Release|Any CPU.ActiveCfg = Release|Any CPU
		{191F3168-4400-44D5-8241-38BA0E0F1422}.Release|Any CPU.Build.0 = Release|Any CPU
		{8845E640-8E69-4DC0-8C5C-F18805E58E71}.Debug|Any CPU.ActiveCfg = Debug|Any CPU
		{8845E640-8E69-4DC0-8C5C-F18805E58E71}.Debug|Any CPU.Build.0 = Debug|Any CPU
		{8845E640-8E69-4DC0-8C5C-F18805E58E71}.Release|Any CPU.ActiveCfg = Release|Any CPU
		{8845E640-8E69-4DC0-8C5C-F18805E58E71}.Release|Any CPU.Build.0 = Release|Any CPU
	EndGlobalSection
	GlobalSection(SolutionProperties) = preSolution
		HideSolutionNode = FALSE
	EndGlobalSection
	GlobalSection(ExtensibilityGlobals) = postSolution
		SolutionGuid = {26DB41A5-10EF-4834-99C4-9A392C276B06}
	EndGlobalSection
EndGlobal
